{
  "name": "penpencil-player",
  "version": "2.5.2",
  "lockfileVersion": 1,
  "requires": true,
  "dependencies": {
    "@babel/runtime": {
      "version": "7.17.8",
      "resolved": "https://registry.npmjs.org/@babel/runtime/-/runtime-7.17.8.tgz",
      "integrity": "sha512-dQpEpK0O9o6lj6oPu0gRDbbnk+4LeHlNcBpspf6Olzt3GIX4P1lWF1gS+pHLDFlaJvbR6q7jCfQ08zA4QJBnmA==",
      "requires": {
        "regenerator-runtime": "^0.13.4"
      }
    },
    "@videojs/http-streaming": {
      "version": "2.9.2",
      "resolved": "https://registry.npmjs.org/@videojs/http-streaming/-/http-streaming-2.9.2.tgz",
      "integrity": "sha512-2ZsxJn4/nZZ6k6jIhic2l9ynGmKwprtuI5b3+M6JgqOSLvQQ/ah+heVs/0g2Ze7qJxodqR+aSY948JwJIz1gCw==",
      "requires": {
        "@babel/runtime": "^7.12.5",
        "@videojs/vhs-utils": "^3.0.2",
        "aes-decrypter": "3.1.2",
        "global": "^4.4.0",
        "m3u8-parser": "4.7.0",
        "mpd-parser": "0.17.0",
        "mux.js": "5.12.2",
        "video.js": "^6 || ^7"
      }
    },
    "@videojs/vhs-utils": {
      "version": "3.0.5",
      "resolved": "https://registry.npmjs.org/@videojs/vhs-utils/-/vhs-utils-3.0.5.tgz",
      "integrity": "sha512-PKVgdo8/GReqdx512F+ombhS+Bzogiofy1LgAj4tN8PfdBx3HSS7V5WfJotKTqtOWGwVfSWsrYN/t09/DSryrw==",
      "requires": {
        "@babel/runtime": "^7.12.5",
        "global": "^4.4.0",
        "url-toolkit": "^2.2.1"
      }
    },
    "@videojs/xhr": {
      "version": "2.5.1",
      "resolved": "https://registry.npmjs.org/@videojs/xhr/-/xhr-2.5.1.tgz",
      "integrity": "sha512-wV9nGESHseSK+S9ePEru2+OJZ1jq/ZbbzniGQ4weAmTIepuBMSYPx5zrxxQA0E786T5ykpO8ts+LayV+3/oI2w==",
      "requires": {
        "@babel/runtime": "^7.5.5",
        "global": "~4.4.0",
        "is-function": "^1.0.1"
      }
    },
    "aes-decrypter": {
      "version": "3.1.2",
      "resolved": "https://registry.npmjs.org/aes-decrypter/-/aes-decrypter-3.1.2.tgz",
      "integrity": "sha512-42nRwfQuPRj9R1zqZBdoxnaAmnIFyDi0MNyTVhjdFOd8fifXKKRfwIHIZ6AMn1or4x5WONzjwRTbTWcsIQ0O4A==",
      "requires": {
        "@babel/runtime": "^7.12.5",
        "@videojs/vhs-utils": "^3.0.0",
        "global": "^4.4.0",
        "pkcs7": "^1.0.4"
      }
    },
    "dom-walk": {
      "version": "0.1.2",
      "resolved": "https://registry.npmjs.org/dom-walk/-/dom-walk-0.1.2.tgz",
      "integrity": "sha512-6QvTW9mrGeIegrFXdtQi9pk7O/nSK6lSdXW2eqUspN5LWD7UTji2Fqw5V2YLjBpHEoU9Xl/eUWNpDeZvoyOv2w=="
    },
    "global": {
      "version": "4.4.0",
      "resolved": "https://registry.npmjs.org/global/-/global-4.4.0.tgz",
      "integrity": "sha512-wv/LAoHdRE3BeTGz53FAamhGlPLhlssK45usmGFThIi4XqnBmjKQ16u+RNbP7WvigRZDxUsM0J3gcQ5yicaL0w==",
      "requires": {
        "min-document": "^2.19.0",
        "process": "^0.11.10"
      }
    },
    "individual": {
      "version": "2.0.0",
      "resolved": "https://registry.npmjs.org/individual/-/individual-2.0.0.tgz",
      "integrity": "sha1-gzsJfa0jKU52EXqY+zjg2a1hu5c="
    },
    "is-function": {
      "version": "1.0.2",
      "resolved": "https://registry.npmjs.org/is-function/-/is-function-1.0.2.tgz",
      "integrity": "sha512-lw7DUp0aWXYg+CBCN+JKkcE0Q2RayZnSvnZBlwgxHBQhqt5pZNVy4Ri7H9GmmXkdu7LUthszM+Tor1u/2iBcpQ=="
    },
    "keycode": {
      "version": "2.2.1",
      "resolved": "https://registry.npmjs.org/keycode/-/keycode-2.2.1.tgz",
      "integrity": "sha512-Rdgz9Hl9Iv4QKi8b0OlCRQEzp4AgVxyCtz5S/+VIHezDmrDhkp2N2TqBWOLz0/gbeREXOOiI9/4b8BY9uw2vFg=="
    },
    "m3u8-parser": {
      "version": "4.7.0",
      "resolved": "https://registry.npmjs.org/m3u8-parser/-/m3u8-parser-4.7.0.tgz",
      "integrity": "sha512-48l/OwRyjBm+QhNNigEEcRcgbRvnUjL7rxs597HmW9QSNbyNvt+RcZ9T/d9vxi9A9z7EZrB1POtZYhdRlwYQkQ==",
      "requires": {
        "@babel/runtime": "^7.12.5",
        "@videojs/vhs-utils": "^3.0.0",
        "global": "^4.4.0"
      }
    },
    "min-document": {
      "version": "2.19.0",
      "resolved": "https://registry.npmjs.org/min-document/-/min-document-2.19.0.tgz",
      "integrity": "sha1-e9KC4/WELtKVu3SM3Z8f+iyCRoU=",
      "requires": {
        "dom-walk": "^0.1.0"
      }
    },
    "mpd-parser": {
      "version": "0.17.0",
      "resolved": "https://registry.npmjs.org/mpd-parser/-/mpd-parser-0.17.0.tgz",
      "integrity": "sha512-oKS5G0jCcHHJ3sHYlcLeM9Xcbuixl08eAx7QW0Th7ChlZiI0YvLtGaHE/L0aKUBJFNvtkeksIr8XgJgSBBsS4g==",
      "requires": {
        "@babel/runtime": "^7.12.5",
        "@videojs/vhs-utils": "^3.0.2",
        "global": "^4.4.0",
        "xmldom": "^0.5.0"
      }
    },
    "mux.js": {
      "version": "5.12.2",
      "resolved": "https://registry.npmjs.org/mux.js/-/mux.js-5.12.2.tgz",
      "integrity": "sha512-9OY1lrFIo7FxMeIC6aLUftiNv97AztufDfi30N7qDll1Pcy7bCxlHztyHp1Ce0KQwy2XqchGeENPS4v1NJngHQ==",
      "requires": {
        "@babel/runtime": "^7.11.2"
      }
    },
    "pkcs7": {
      "version": "1.0.4",
      "resolved": "https://registry.npmjs.org/pkcs7/-/pkcs7-1.0.4.tgz",
      "integrity": "sha512-afRERtHn54AlwaF2/+LFszyAANTCggGilmcmILUzEjvs3XgFZT+xE6+QWQcAGmu4xajy+Xtj7acLOPdx5/eXWQ==",
      "requires": {
        "@babel/runtime": "^7.5.5"
      }
    },
    "process": {
      "version": "0.11.10",
      "resolved": "https://registry.npmjs.org/process/-/process-0.11.10.tgz",
      "integrity": "sha1-czIwDoQBYb2j5podHZGn1LwW8YI="
    },
    "regenerator-runtime": {
      "version": "0.13.9",
      "resolved": "https://registry.npmjs.org/regenerator-runtime/-/regenerator-runtime-0.13.9.tgz",
      "integrity": "sha512-p3VT+cOEgxFsRRA9X4lkI1E+k2/CtnKtU4gcxyaCUreilL/vqI6CdZ3wxVUx3UOUg+gnUOQQcRI7BmSI656MYA=="
    },
    "rust-result": {
      "version": "1.0.0",
      "resolved": "https://registry.npmjs.org/rust-result/-/rust-result-1.0.0.tgz",
      "integrity": "sha1-NMdbLm3Dn+WHXlveyFteD5FTb3I=",
      "requires": {
        "individual": "^2.0.0"
      }
    },
    "safe-json-parse": {
      "version": "4.0.0",
      "resolved": "https://registry.npmjs.org/safe-json-parse/-/safe-json-parse-4.0.0.tgz",
      "integrity": "sha1-fA9XjPzNEtM6ccDgVBPi7KFx6qw=",
      "requires": {
        "rust-result": "^1.0.0"
      }
    },
    "url-toolkit": {
      "version": "2.2.5",
      "resolved": "https://registry.npmjs.org/url-toolkit/-/url-toolkit-2.2.5.tgz",
      "integrity": "sha512-mtN6xk+Nac+oyJ/PrI7tzfmomRVNFIWKUbG8jdYFt52hxbiReFAXIjYskvu64/dvuW71IcB7lV8l0HvZMac6Jg=="
    },
    "video.js": {
      "version": "7.14.3",
      "resolved": "https://registry.npmjs.org/video.js/-/video.js-7.14.3.tgz",
      "integrity": "sha512-6avCdSIfn5ss5NOgoQfY/xEfPNcz9DXSw+ZN80NwPguCdRd4VL4y40b/d7osYJwyCdF+YkvhqAW7dw4s0vBigg==",
      "requires": {
        "@babel/runtime": "^7.12.5",
        "@videojs/http-streaming": "2.9.2",
        "@videojs/vhs-utils": "^3.0.2",
        "@videojs/xhr": "2.5.1",
        "aes-decrypter": "3.1.2",
        "global": "^4.4.0",
        "keycode": "^2.2.0",
        "m3u8-parser": "4.7.0",
        "mpd-parser": "0.17.0",
        "mux.js": "5.12.2",
        "safe-json-parse": "4.0.0",
        "videojs-font": "3.2.0",
        "videojs-vtt.js": "^0.15.3"
      }
    },
    "videojs-font": {
      "version": "3.2.0",
      "resolved": "https://registry.npmjs.org/videojs-font/-/videojs-font-3.2.0.tgz",
      "integrity": "sha512-g8vHMKK2/JGorSfqAZQUmYYNnXmfec4MLhwtEFS+mMs2IDY398GLysy6BH6K+aS1KMNu/xWZ8Sue/X/mdQPliA=="
    },
    "videojs-vtt.js": {
      "version": "0.15.3",
      "resolved": "https://registry.npmjs.org/videojs-vtt.js/-/videojs-vtt.js-0.15.3.tgz",
      "integrity": "sha512-5FvVsICuMRx6Hd7H/Y9s9GDeEtYcXQWzGMS+sl4UX3t/zoHp3y+isSfIPRochnTH7h+Bh1ILyC639xy9Z6kPag==",
      "requires": {
        "global": "^4.3.1"
      }
    },
    "xmldom": {
      "version": "0.5.0",
      "resolved": "https://registry.npmjs.org/xmldom/-/xmldom-0.5.0.tgz",
      "integrity": "sha512-Foaj5FXVzgn7xFzsKeNIde9g6aFBxTPi37iwsno8QvApmtg7KYrr+OPyRHcJF7dud2a5nGRBXK3n0dL62Gf7PA=="
    }
  }
}
